
Microsoft Visual Studio Solution File, Format Version 12.00
# Visual Studio Version 16
VisualStudioVersion = 16.0.31515.178
MinimumVisualStudioVersion = 10.0.40219.1
Project("{FAE04EC0-301F-11D3-BF4B-00C04F79EFBC}") = "ECGSegmentation", "ECGSegmentation\ECGSegmentation.csproj", "{A5C009C8-86B7-4465-9919-DFD2DAD95098}"
EndProject
Project("{FAE04EC0-301F-11D3-BF4B-00C04F79EFBC}") = "SegmentationTest", "SegmentationTest\SegmentationTest.csproj", "{F6B16EC7-D35C-4D77-A7CE-096CC16DF56A}"
EndProject
Global
	GlobalSection(SolutionConfigurationPlatforms) = preSolution
		Debug|Any CPU = Debug|Any CPU
		Release|Any CPU = Release|Any CPU
	EndGlobalSection
	GlobalSection(ProjectConfigurationPlatforms) = postSolution
		{A5C009C8-86B7-4465-9919-DFD2DAD95098}.Debug|Any CPU.ActiveCfg = Debug|Any CPU
		{A5C009C8-86B7-4465-9919-DFD2DAD95098}.Debug|Any CPU.Build.0 = Debug|Any CPU
		{A5C009C8-86B7-4465-9919-DFD2DAD95098}.Release|Any CPU.ActiveCfg = Release|Any CPU
		{A5C009C8-86B7-4465-9919-DFD2DAD95098}.Release|Any CPU.Build.0 = Release|Any CPU
		{F6B16EC7-D35C-4D77-A7CE-096CC16DF56A}.Debug|Any CPU.ActiveCfg = Debug|Any CPU
		{F6B16EC7-D35C-4D77-A7CE-096CC16DF56A}.Debug|Any CPU.Build.0 = Debug|Any CPU
		{F6B16EC7-D35C-4D77-A7CE-096CC16DF56A}.Release|Any CPU.ActiveCfg = Release|Any CPU
		{F6B16EC7-D35C-4D77-A7CE-096CC16DF56A}.Release|Any CPU.Build.0 = Release|Any CPU
	EndGlobalSection
	GlobalSection(SolutionProperties) = preSolution
		HideSolutionNode = FALSE
	EndGlobalSection
	GlobalSection(ExtensibilityGlobals) = postSolution
		SolutionGuid = {AFE94F63-4FD9-44D2-BF82-35521F4A7C61}
	EndGlobalSection
EndGlobal
